// !$*UTF8*$!
{
	archiveVersion = 1;
	classes = {
	};
	objectVersion = 56;
	objects = {

/* Begin PBXBuildFile section */
		173B6A132C29BCF600B63FA0 /* RTRCApp.swift in Sources */ = {isa = PBXBuildFile; fileRef = 173B6A122C29BCF600B63FA0 /* RTRCApp.swift */; };
		173B6A152C29BCF600B63FA0 /* ContentView.swift in Sources */ = {isa = PBXBuildFile; fileRef = 173B6A142C29BCF600B63FA0 /* ContentView.swift */; };
		173B6A172C29BCF700B63FA0 /* Assets.xcassets in Resources */ = {isa = PBXBuildFile; fileRef = 173B6A162C29BCF700B63FA0 /* Assets.xcassets */; };
		173B6A1A2C29BCF700B63FA0 /* Preview Assets.xcassets in Resources */ = {isa = PBXBuildFile; fileRef = 173B6A192C29BCF700B63FA0 /* Preview Assets.xcassets */; };
		173B6A222C29BEC400B63FA0 /* MetalView.swift in Sources */ = {isa = PBXBuildFile; fileRef = 173B6A212C29BEC400B63FA0 /* MetalView.swift */; };
		173B6A242C29C11100B63FA0 /* Renderer.swift in Sources */ = {isa = PBXBuildFile; fileRef = 173B6A232C29C11100B63FA0 /* Renderer.swift */; };
		173B6A262C29C54200B63FA0 /* Utils.swift in Sources */ = {isa = PBXBuildFile; fileRef = 173B6A252C29C54200B63FA0 /* Utils.swift */; };
		173B6A282C29D52500B63FA0 /* RayTracer.metal in Sources */ = {isa = PBXBuildFile; fileRef = 173B6A272C29D52500B63FA0 /* RayTracer.metal */; };
/* End PBXBuildFile section */

/* Begin PBXFileReference section */
		173B6A0F2C29BCF600B63FA0 /* RTRC.app */ = {isa = PBXFileReference; explicitFileType = wrapper.application; includeInIndex = 0; path = RTRC.app; sourceTree = BUILT_PRODUCTS_DIR; };
		173B6A122C29BCF600B63FA0 /* RTRCApp.swift */ = {isa = PBXFileReference; lastKnownFileType = sourcecode.swift; path = RTRCApp.swift; sourceTree = "<group>"; };
		173B6A142C29BCF600B63FA0 /* ContentView.swift */ = {isa = PBXFileReference; lastKnownFileType = sourcecode.swift; path = ContentView.swift; sourceTree = "<group>"; };
		173B6A162C29BCF700B63FA0 /* Assets.xcassets */ = {isa = PBXFileReference; lastKnownFileType = folder.assetcatalog; path = Assets.xcassets; sourceTree = "<group>"; };
		173B6A192C29BCF700B63FA0 /* Preview Assets.xcassets */ = {isa = PBXFileReference; lastKnownFileType = folder.assetcatalog; path = "Preview Assets.xcassets"; sourceTree = "<group>"; };
		173B6A1B2C29BCF700B63FA0 /* RTRC.entitlements */ = {isa = PBXFileReference; lastKnownFileType = text.plist.entitlements; path = RTRC.entitlements; sourceTree = "<group>"; };
		173B6A212C29BEC400B63FA0 /* MetalView.swift */ = {isa = PBXFileReference; lastKnownFileType = sourcecode.swift; path = MetalView.swift; sourceTree = "<group>"; };
		173B6A232C29C11100B63FA0 /* Renderer.swift */ = {isa = PBXFileReference; lastKnownFileType = sourcecode.swift; path = Renderer.swift; sourceTree = "<group>"; };
		173B6A252C29C54200B63FA0 /* Utils.swift */ = {isa = PBXFileReference; lastKnownFileType = sourcecode.swift; path = Utils.swift; sourceTree = "<group>"; };
		173B6A272C29D52500B63FA0 /* RayTracer.metal */ = {isa = PBXFileReference; lastKnownFileType = sourcecode.metal; path = RayTracer.metal; sourceTree = "<group>"; };
/* End PBXFileReference section */

/* Begin PBXFrameworksBuildPhase section */
		173B6A0C2C29BCF600B63FA0 /* Frameworks */ = {
			isa = PBXFrameworksBuildPhase;
			buildActionMask = 2147483647;
			files = (
			);
			runOnlyForDeploymentPostprocessing = 0;
		};
/* End PBXFrameworksBuildPhase section */

/* Begin PBXGroup section */
		173B6A062C29BCF600B63FA0 = {
			isa = PBXGroup;
			children = (
				173B6A112C29BCF600B63FA0 /* RTRC */,
				173B6A102C29BCF600B63FA0 /* Products */,
			);
			sourceTree = "<group>";
		};
		173B6A102C29BCF600B63FA0 /* Products */ = {
			isa = PBXGroup;
			children = (
				173B6A0F2C29BCF600B63FA0 /* RTRC.app */,
			);
			name = Products;
			sourceTree = "<group>";
		};
		173B6A112C29BCF600B63FA0 /* RTRC */ = {
			isa = PBXGroup;
			children = (
				173B6A122C29BCF600B63FA0 /* RTRCApp.swift */,
				173B6A142C29BCF600B63FA0 /* ContentView.swift */,
				173B6A232C29C11100B63FA0 /* Renderer.swift */,
				173B6A272C29D52500B63FA0 /* RayTracer.metal */,
				173B6A212C29BEC400B63FA0 /* MetalView.swift */,
				173B6A252C29C54200B63FA0 /* Utils.swift */,
				173B6A162C29BCF700B63FA0 /* Assets.xcassets */,
				173B6A1B2C29BCF700B63FA0 /* RTRC.entitlements */,
				173B6A182C29BCF700B63FA0 /* Preview Content */,
			);
			path = RTRC;
			sourceTree = "<group>";
		};
		173B6A182C29BCF700B63FA0 /* Preview Content */ = {
			isa = PBXGroup;
			children = (
				173B6A192C29BCF700B63FA0 /* Preview Assets.xcassets */,
			);
			path = "Preview Content";
			sourceTree = "<group>";
		};
/* End PBXGroup section */

/* Begin PBXNativeTarget section */
		173B6A0E2C29BCF600B63FA0 /* RTRC */ = {
			isa = PBXNativeTarget;
			buildConfigurationList = 173B6A1E2C29BCF700B63FA0 /* Build configuration list for PBXNativeTarget "RTRC" */;
			buildPhases = (
				173B6A0B2C29BCF600B63FA0 /* Sources */,
				173B6A0C2C29BCF600B63FA0 /* Frameworks */,
				173B6A0D2C29BCF600B63FA0 /* Resources */,
			);
			buildRules = (
			);
			dependencies = (
			);
			name = RTRC;
			productName = RTRC;
			productReference = 173B6A0F2C29BCF600B63FA0 /* RTRC.app */;
			productType = "com.apple.product-type.application";
		};
/* End PBXNativeTarget section */

/* Begin PBXProject section */
		173B6A072C29BCF600B63FA0 /* Project object */ = {
			isa = PBXProject;
			attributes = {
				BuildIndependentTargetsInParallel = 1;
				LastSwiftUpdateCheck = 1530;
				LastUpgradeCheck = 1530;
				TargetAttributes = {
					173B6A0E2C29BCF600B63FA0 = {
						CreatedOnToolsVersion = 15.3;
					};
				};
			};
			buildConfigurationList = 173B6A0A2C29BCF600B63FA0 /* Build configuration list for PBXProject "RTRC" */;
			compatibilityVersion = "Xcode 14.0";
			developmentRegion = en;
			hasScannedForEncodings = 0;
			knownRegions = (
				en,
				Base,
			);
			mainGroup = 173B6A062C29BCF600B63FA0;
			productRefGroup = 173B6A102C29BCF600B63FA0 /* Products */;
			projectDirPath = "";
			projectRoot = "";
			targets = (
				173B6A0E2C29BCF600B63FA0 /* RTRC */,
			);
		};
/* End PBXProject section */

/* Begin PBXResourcesBuildPhase section */
		173B6A0D2C29BCF600B63FA0 /* Resources */ = {
			isa = PBXResourcesBuildPhase;
			buildActionMask = 2147483647;
			files = (
				173B6A1A2C29BCF700B63FA0 /* Preview Assets.xcassets in Resources */,
				173B6A172C29BCF700B63FA0 /* Assets.xcassets in Resources */,
			);
			runOnlyForDeploymentPostprocessing = 0;
		};
/* End PBXResourcesBuildPhase section */

/* Begin PBXSourcesBuildPhase section */
		173B6A0B2C29BCF600B63FA0 /* Sources */ = {
			isa = PBXSourcesBuildPhase;
			buildActionMask = 2147483647;
			files = (
				173B6A262C29C54200B63FA0 /* Utils.swift in Sources */,
				173B6A242C29C11100B63FA0 /* Renderer.swift in Sources */,
				173B6A222C29BEC400B63FA0 /* MetalView.swift in Sources */,
				173B6A282C29D52500B63FA0 /* RayTracer.metal in Sources */,
				173B6A152C29BCF600B63FA0 /* ContentView.swift in Sources */,
				173B6A132C29BCF600B63FA0 /* RTRCApp.swift in Sources */,
			);
			runOnlyForDeploymentPostprocessing = 0;
		};
/* End PBXSourcesBuildPhase section */

/* Begin XCBuildConfiguration section */
		173B6A1C2C29BCF700B63FA0 /* Debug */ = {
			isa = XCBuildConfiguration;
			buildSettings = {
				ALWAYS_SEARCH_USER_PATHS = NO;
				ASSETCATALOG_COMPILER_GENERATE_SWIFT_ASSET_SYMBOL_EXTENSIONS = YES;
				CLANG_ANALYZER_NONNULL = YES;
				CLANG_ANALYZER_NUMBER_OBJECT_CONVERSION = YES_AGGRESSIVE;
				CLANG_CXX_LANGUAGE_STANDARD = "gnu++20";
				CLANG_ENABLE_MODULES = YES;
				CLANG_ENABLE_OBJC_ARC = YES;
				CLANG_ENABLE_OBJC_WEAK = YES;
				CLANG_WARN_BLOCK_CAPTURE_AUTORELEASING = YES;
				CLANG_WARN_BOOL_CONVERSION = YES;
				CLANG_WARN_COMMA = YES;
				CLANG_WARN_CONSTANT_CONVERSION = YES;
				CLANG_WARN_DEPRECATED_OBJC_IMPLEMENTATIONS = YES;
				CLANG_WARN_DIRECT_OBJC_ISA_USAGE = YES_ERROR;
				CLANG_WARN_DOCUMENTATION_COMMENTS = YES;
				CLANG_WARN_EMPTY_BODY = YES;
				CLANG_WARN_ENUM_CONVERSION = YES;
				CLANG_WARN_INFINITE_RECURSION = YES;
				CLANG_WARN_INT_CONVERSION = YES;
				CLANG_WARN_NON_LITERAL_NULL_CONVERSION = YES;
				CLANG_WARN_OBJC_IMPLICIT_RETAIN_SELF = YES;
				CLANG_WARN_OBJC_LITERAL_CONVERSION = YES;
				CLANG_WARN_OBJC_ROOT_CLASS = YES_ERROR;
				CLANG_WARN_QUOTED_INCLUDE_IN_FRAMEWORK_HEADER = YES;
				CLANG_WARN_RANGE_LOOP_ANALYSIS = YES;
				CLANG_WARN_STRICT_PROTOTYPES = YES;
				CLANG_WARN_SUSPICIOUS_MOVE = YES;
				CLANG_WARN_UNGUARDED_AVAILABILITY = YES_AGGRESSIVE;
				CLANG_WARN_UNREACHABLE_CODE = YES;
				CLANG_WARN__DUPLICATE_METHOD_MATCH = YES;
				COPY_PHASE_STRIP = NO;
				DEBUG_INFORMATION_FORMAT = dwarf;
				ENABLE_STRICT_OBJC_MSGSEND = YES;
				ENABLE_TESTABILITY = YES;
				ENABLE_USER_SCRIPT_SANDBOXING = YES;
				GCC_C_LANGUAGE_STANDARD = gnu17;
				GCC_DYNAMIC_NO_PIC = NO;
				GCC_NO_COMMON_BLOCKS = YES;
				GCC_OPTIMIZATION_LEVEL = 0;
				GCC_PREPROCESSOR_DEFINITIONS = (
					"DEBUG=1",
					"$(inherited)",
				);
				GCC_WARN_64_TO_32_BIT_CONVERSION = YES;
				GCC_WARN_ABOUT_RETURN_TYPE = YES_ERROR;
				GCC_WARN_UNDECLARED_SELECTOR = YES;
				GCC_WARN_UNINITIALIZED_AUTOS = YES_AGGRESSIVE;
				GCC_WARN_UNUSED_FUNCTION = YES;
				GCC_WARN_UNUSED_VARIABLE = YES;
				LOCALIZATION_PREFERS_STRING_CATALOGS = YES;
				MACOSX_DEPLOYMENT_TARGET = 14.4;
				MTL_ENABLE_DEBUG_INFO = INCLUDE_SOURCE;
				MTL_FAST_MATH = YES;
				ONLY_ACTIVE_ARCH = YES;
				SDKROOT = macosx;
				SWIFT_ACTIVE_COMPILATION_CONDITIONS = "DEBUG $(inherited)";
				SWIFT_OPTIMIZATION_LEVEL = "-Onone";
			};
			name = Debug;
		};
		173B6A1D2C29BCF700B63FA0 /* Release */ = {
			isa = XCBuildConfiguration;
			buildSettings = {
				ALWAYS_SEARCH_USER_PATHS = NO;
				ASSETCATALOG_COMPILER_GENERATE_SWIFT_ASSET_SYMBOL_EXTENSIONS = YES;
				CLANG_ANALYZER_NONNULL = YES;
				CLANG_ANALYZER_NUMBER_OBJECT_CONVERSION = YES_AGGRESSIVE;
				CLANG_CXX_LANGUAGE_STANDARD = "gnu++20";
				CLANG_ENABLE_MODULES = YES;
				CLANG_ENABLE_OBJC_ARC = YES;
				CLANG_ENABLE_OBJC_WEAK = YES;
				CLANG_WARN_BLOCK_CAPTURE_AUTORELEASING = YES;
				CLANG_WARN_BOOL_CONVERSION = YES;
				CLANG_WARN_COMMA = YES;
				CLANG_WARN_CONSTANT_CONVERSION = YES;
				CLANG_WARN_DEPRECATED_OBJC_IMPLEMENTATIONS = YES;
				CLANG_WARN_DIRECT_OBJC_ISA_USAGE = YES_ERROR;
				CLANG_WARN_DOCUMENTATION_COMMENTS = YES;
				CLANG_WARN_EMPTY_BODY = YES;
				CLANG_WARN_ENUM_CONVERSION = YES;
				CLANG_WARN_INFINITE_RECURSION = YES;
				CLANG_WARN_INT_CONVERSION = YES;
				CLANG_WARN_NON_LITERAL_NULL_CONVERSION = YES;
				CLANG_WARN_OBJC_IMPLICIT_RETAIN_SELF = YES;
				CLANG_WARN_OBJC_LITERAL_CONVERSION = YES;
				CLANG_WARN_OBJC_ROOT_CLASS = YES_ERROR;
				CLANG_WARN_QUOTED_INCLUDE_IN_FRAMEWORK_HEADER = YES;
				CLANG_WARN_RANGE_LOOP_ANALYSIS = YES;
				CLANG_WARN_STRICT_PROTOTYPES = YES;
				CLANG_WARN_SUSPICIOUS_MOVE = YES;
				CLANG_WARN_UNGUARDED_AVAILABILITY = YES_AGGRESSIVE;
				CLANG_WARN_UNREACHABLE_CODE = YES;
				CLANG_WARN__DUPLICATE_METHOD_MATCH = YES;
				COPY_PHASE_STRIP = NO;
				DEBUG_INFORMATION_FORMAT = "dwarf-with-dsym";
				ENABLE_NS_ASSERTIONS = NO;
				ENABLE_STRICT_OBJC_MSGSEND = YES;
				ENABLE_USER_SCRIPT_SANDBOXING = YES;
				GCC_C_LANGUAGE_STANDARD = gnu17;
				GCC_NO_COMMON_BLOCKS = YES;
				GCC_WARN_64_TO_32_BIT_CONVERSION = YES;
				GCC_WARN_ABOUT_RETURN_TYPE = YES_ERROR;
				GCC_WARN_UNDECLARED_SELECTOR = YES;
				GCC_WARN_UNINITIALIZED_AUTOS = YES_AGGRESSIVE;
				GCC_WARN_UNUSED_FUNCTION = YES;
				GCC_WARN_UNUSED_VARIABLE = YES;
				LOCALIZATION_PREFERS_STRING_CATALOGS = YES;
				MACOSX_DEPLOYMENT_TARGET = 14.4;
				MTL_ENABLE_DEBUG_INFO = NO;
				MTL_FAST_MATH = YES;
				SDKROOT = macosx;
				SWIFT_COMPILATION_MODE = wholemodule;
			};
			name = Release;
		};
		173B6A1F2C29BCF700B63FA0 /* Debug */ = {
			isa = XCBuildConfiguration;
			buildSettings = {
				ASSETCATALOG_COMPILER_APPICON_NAME = AppIcon;
				ASSETCATALOG_COMPILER_GLOBAL_ACCENT_COLOR_NAME = AccentColor;
				CODE_SIGN_ENTITLEMENTS = RTRC/RTRC.entitlements;
				CODE_SIGN_STYLE = Automatic;
				COMBINE_HIDPI_IMAGES = YES;
				CURRENT_PROJECT_VERSION = 1;
				DEVELOPMENT_ASSET_PATHS = "\"RTRC/Preview Content\"";
				DEVELOPMENT_TEAM = D3D2BJZUS3;
				ENABLE_HARDENED_RUNTIME = YES;
				ENABLE_PREVIEWS = YES;
				GENERATE_INFOPLIST_FILE = YES;
				INFOPLIST_KEY_NSHumanReadableCopyright = "";
				LD_RUNPATH_SEARCH_PATHS = (
					"$(inherited)",
					"@executable_path/../Frameworks",
				);
				MARKETING_VERSION = 1.0;
				PRODUCT_BUNDLE_IDENTIFIER = com.samhodak.RTRC;
				PRODUCT_NAME = "$(TARGET_NAME)";
				SWIFT_EMIT_LOC_STRINGS = YES;
				SWIFT_VERSION = 5.0;
			};
			name = Debug;
		};
		173B6A202C29BCF700B63FA0 /* Release */ = {
			isa = XCBuildConfiguration;
			buildSettings = {
				ASSETCATALOG_COMPILER_APPICON_NAME = AppIcon;
				ASSETCATALOG_COMPILER_GLOBAL_ACCENT_COLOR_NAME = AccentColor;
				CODE_SIGN_ENTITLEMENTS = RTRC/RTRC.entitlements;
				CODE_SIGN_STYLE = Automatic;
				COMBINE_HIDPI_IMAGES = YES;
				CURRENT_PROJECT_VERSION = 1;
				DEVELOPMENT_ASSET_PATHS = "\"RTRC/Preview Content\"";
				DEVELOPMENT_TEAM = D3D2BJZUS3;
				ENABLE_HARDENED_RUNTIME = YES;
				ENABLE_PREVIEWS = YES;
				GENERATE_INFOPLIST_FILE = YES;
				INFOPLIST_KEY_NSHumanReadableCopyright = "";
				LD_RUNPATH_SEARCH_PATHS = (
					"$(inherited)",
					"@executable_path/../Frameworks",
				);
				MARKETING_VERSION = 1.0;
				PRODUCT_BUNDLE_IDENTIFIER = com.samhodak.RTRC;
				PRODUCT_NAME = "$(TARGET_NAME)";
				SWIFT_EMIT_LOC_STRINGS = YES;
				SWIFT_VERSION = 5.0;
			};
			name = Release;
		};
/* End XCBuildConfiguration section */

/* Begin XCConfigurationList section */
		173B6A0A2C29BCF600B63FA0 /* Build configuration list for PBXProject "RTRC" */ = {
			isa = XCConfigurationList;
			buildConfigurations = (
				173B6A1C2C29BCF700B63FA0 /* Debug */,
				173B6A1D2C29BCF700B63FA0 /* Release */,
			);
			defaultConfigurationIsVisible = 0;
			defaultConfigurationName = Release;
		};
		173B6A1E2C29BCF700B63FA0 /* Build configuration list for PBXNativeTarget "RTRC" */ = {
			isa = XCConfigurationList;
			buildConfigurations = (
				173B6A1F2C29BCF700B63FA0 /* Debug */,
				173B6A202C29BCF700B63FA0 /* Release */,
			);
			defaultConfigurationIsVisible = 0;
			defaultConfigurationName = Release;
		};
/* End XCConfigurationList section */
	};
	rootObject = 173B6A072C29BCF600B63FA0 /* Project object */;
}
